Microsoft Visual Studio Solution File, Format Version 11.00
# Visual Studio 2008

Project("{A8F5FC66-15AD-15CB-203F-D57A6266968F}") = "Zombies Ate My City", "Assembly-CSharp.csproj", "{CF75B03D-C216-B549-48D0-5D12C7EA2CAE}"
EndProject
Project("{A8F5FC66-15AD-15CB-203F-D57A6266968F}") = "Zombies Ate My City", "Assembly-CSharp-Editor.csproj", "{2506AC77-8C2D-2152-DA83-ED4832BF163D}"
EndProject
Global
	GlobalSection(SolutionConfigurationPlatforms) = preSolution
		Debug|Any CPU = Debug|Any CPU
		Release|Any CPU = Release|Any CPU
	EndGlobalSection
	GlobalSection(ProjectConfigurationPlatforms) = postSolution
		{CF75B03D-C216-B549-48D0-5D12C7EA2CAE}.Debug|Any CPU.ActiveCfg = Debug|Any CPU
		{CF75B03D-C216-B549-48D0-5D12C7EA2CAE}.Debug|Any CPU.Build.0 = Debug|Any CPU
		{CF75B03D-C216-B549-48D0-5D12C7EA2CAE}.Release|Any CPU.ActiveCfg = Release|Any CPU
		{CF75B03D-C216-B549-48D0-5D12C7EA2CAE}.Release|Any CPU.Build.0 = Release|Any CPU
		{2506AC77-8C2D-2152-DA83-ED4832BF163D}.Debug|Any CPU.ActiveCfg = Debug|Any CPU
		{2506AC77-8C2D-2152-DA83-ED4832BF163D}.Debug|Any CPU.Build.0 = Debug|Any CPU
		{2506AC77-8C2D-2152-DA83-ED4832BF163D}.Release|Any CPU.ActiveCfg = Release|Any CPU
		{2506AC77-8C2D-2152-DA83-ED4832BF163D}.Release|Any CPU.Build.0 = Release|Any CPU
	EndGlobalSection
	GlobalSection(SolutionProperties) = preSolution
		HideSolutionNode = FALSE
	EndGlobalSection
	GlobalSection(MonoDevelopProperties) = preSolution
		StartupItem = Assembly-CSharp.csproj
	EndGlobalSection
EndGlobal
